
Microsoft Visual Studio Solution File, Format Version 12.00
# Visual Studio Version 17
VisualStudioVersion = 17.9.34728.123
MinimumVisualStudioVersion = 10.0.40219.1
Project("{F184B08F-C81C-45F6-A57F-5ABD9991F28F}") = "CrudApp", "CrudApp\CrudApp.vbproj", "{20C86F29-2C22-41DF-924B-AEE7784B3F97}"
EndProject
Project("{F184B08F-C81C-45F6-A57F-5ABD9991F28F}") = "dominio", "dominio\dominio.vbproj", "{E1DD2F9F-866A-46E0-9988-139FC281E471}"
EndProject
Project("{F184B08F-C81C-45F6-A57F-5ABD9991F28F}") = "negocio", "negocio\negocio.vbproj", "{4DF82F2A-75F9-43D5-A723-40A020F4A242}"
EndProject
Global
	GlobalSection(SolutionConfigurationPlatforms) = preSolution
		Debug|Any CPU = Debug|Any CPU
		Release|Any CPU = Release|Any CPU
	EndGlobalSection
	GlobalSection(ProjectConfigurationPlatforms) = postSolution
		{20C86F29-2C22-41DF-924B-AEE7784B3F97}.Debug|Any CPU.ActiveCfg = Debug|Any CPU
		{20C86F29-2C22-41DF-924B-AEE7784B3F97}.Debug|Any CPU.Build.0 = Debug|Any CPU
		{20C86F29-2C22-41DF-924B-AEE7784B3F97}.Release|Any CPU.ActiveCfg = Release|Any CPU
		{20C86F29-2C22-41DF-924B-AEE7784B3F97}.Release|Any CPU.Build.0 = Release|Any CPU
		{E1DD2F9F-866A-46E0-9988-139FC281E471}.Debug|Any CPU.ActiveCfg = Debug|Any CPU
		{E1DD2F9F-866A-46E0-9988-139FC281E471}.Debug|Any CPU.Build.0 = Debug|Any CPU
		{E1DD2F9F-866A-46E0-9988-139FC281E471}.Release|Any CPU.ActiveCfg = Release|Any CPU
		{E1DD2F9F-866A-46E0-9988-139FC281E471}.Release|Any CPU.Build.0 = Release|Any CPU
		{4DF82F2A-75F9-43D5-A723-40A020F4A242}.Debug|Any CPU.ActiveCfg = Debug|Any CPU
		{4DF82F2A-75F9-43D5-A723-40A020F4A242}.Debug|Any CPU.Build.0 = Debug|Any CPU
		{4DF82F2A-75F9-43D5-A723-40A020F4A242}.Release|Any CPU.ActiveCfg = Release|Any CPU
		{4DF82F2A-75F9-43D5-A723-40A020F4A242}.Release|Any CPU.Build.0 = Release|Any CPU
	EndGlobalSection
	GlobalSection(SolutionProperties) = preSolution
		HideSolutionNode = FALSE
	EndGlobalSection
	GlobalSection(ExtensibilityGlobals) = postSolution
		SolutionGuid = {31EB328E-5C96-48FD-AA37-BE00DC5B7D70}
	EndGlobalSection
EndGlobal
